// !$*UTF8*$!
{
	archiveVersion = 1;
	classes = {
	};
	objectVersion = 77;
	objects = {

/* Begin PBXBuildFile section */
		03E53ACF20115A70C5623907 /* QuotaCache.swift in Sources */ = {isa = PBXBuildFile; fileRef = 0F4DADB8A140EE52B475F25A /* QuotaCache.swift */; };
		05E4DCF79D8B0F88D81AB5E8 /* TokenStore.swift in Sources */ = {isa = PBXBuildFile; fileRef = BB2E0540146B8DD6703D7C48 /* TokenStore.swift */; };
		295EC12277379FA2E21C369D /* UsageWidgetExtension-iOS.appex in Embed Foundation Extensions */ = {isa = PBXBuildFile; fileRef = B3C4D19036B48C737BB73BE4 /* UsageWidgetExtension-iOS.appex */; settings = {ATTRIBUTES = (RemoveHeadersOnCopy, ); }; };
		2B00BEED4F5EDDD348A5588A /* QuotaFormatting.swift in Sources */ = {isa = PBXBuildFile; fileRef = 8F1C5D4C792A919030D8AF67 /* QuotaFormatting.swift */; };
		4E17CB7F230960F1B4941A19 /* UsageWidgetApp.swift in Sources */ = {isa = PBXBuildFile; fileRef = 22DC5706B546917B75B76A64 /* UsageWidgetApp.swift */; };
		6634D8C1173E062306DD87DA /* UsageWidgetBundle.swift in Sources */ = {isa = PBXBuildFile; fileRef = A5689B4514139E30663205E2 /* UsageWidgetBundle.swift */; };
		6FD834C5E3C7F97E9A11A861 /* ImportView.swift in Sources */ = {isa = PBXBuildFile; fileRef = 4EEC867AC1675DC813E2EAAB /* ImportView.swift */; };
		7B0E159BA8EC06BFE94D6EA0 /* TokenStore.swift in Sources */ = {isa = PBXBuildFile; fileRef = BB2E0540146B8DD6703D7C48 /* TokenStore.swift */; };
		7C648FD9A14FACA0E94B7CF6 /* QuotaWidgetView.swift in Sources */ = {isa = PBXBuildFile; fileRef = FBA56744DA9B4CED78EA939A /* QuotaWidgetView.swift */; };
		868F2E16BAE495A8610E9FB9 /* QuotaWidget.swift in Sources */ = {isa = PBXBuildFile; fileRef = 6199F2BA948EA3B188AF1C64 /* QuotaWidget.swift */; };
		96CBA85310576B396437BDE4 /* QuotaCache.swift in Sources */ = {isa = PBXBuildFile; fileRef = 0F4DADB8A140EE52B475F25A /* QuotaCache.swift */; };
		ABA2D15C738B6891D8286E08 /* QuotaFetcher.swift in Sources */ = {isa = PBXBuildFile; fileRef = CC229F2ABC714C29BD3FCD99 /* QuotaFetcher.swift */; };
		B17E4DED82FDDEE99BBF6617 /* QuotaModels.swift in Sources */ = {isa = PBXBuildFile; fileRef = C7C4102BB9B493ED9C676567 /* QuotaModels.swift */; };
		CE0261B7F86E3DA3D2E9F344 /* QuotaFetcher.swift in Sources */ = {isa = PBXBuildFile; fileRef = CC229F2ABC714C29BD3FCD99 /* QuotaFetcher.swift */; };
		DCEDC848B592BB26BDEFB2E6 /* QuotaModels.swift in Sources */ = {isa = PBXBuildFile; fileRef = C7C4102BB9B493ED9C676567 /* QuotaModels.swift */; };
		DEBB0F8918E8B2820E3D6429 /* Assets.xcassets in Resources */ = {isa = PBXBuildFile; fileRef = 10D425A19019701FCE4D50FE /* Assets.xcassets */; };
		E0BB527A7053197746B4227D /* QuotaWidgetView.swift in Sources */ = {isa = PBXBuildFile; fileRef = FBA56744DA9B4CED78EA939A /* QuotaWidgetView.swift */; };
		ECA8837BD17CE983808CF5CA /* QuotaFormatting.swift in Sources */ = {isa = PBXBuildFile; fileRef = 8F1C5D4C792A919030D8AF67 /* QuotaFormatting.swift */; };
/* End PBXBuildFile section */

/* Begin PBXContainerItemProxy section */
		D8F65C75C724FDA914BB1DC0 /* PBXContainerItemProxy */ = {
			isa = PBXContainerItemProxy;
			containerPortal = C6802D8E7B00E3FC5C2ACFF7 /* Project object */;
			proxyType = 1;
			remoteGlobalIDString = 5B538234A6E5A25116D08E5F;
			remoteInfo = "UsageWidgetExtension-iOS";
		};
/* End PBXContainerItemProxy section */

/* Begin PBXCopyFilesBuildPhase section */
		A6859156F44BDCB6DF157A79 /* Embed Foundation Extensions */ = {
			isa = PBXCopyFilesBuildPhase;
			buildActionMask = 2147483647;
			dstPath = "";
			dstSubfolderSpec = 13;
			files = (
				295EC12277379FA2E21C369D /* UsageWidgetExtension-iOS.appex in Embed Foundation Extensions */,
			);
			name = "Embed Foundation Extensions";
			runOnlyForDeploymentPostprocessing = 0;
		};
/* End PBXCopyFilesBuildPhase section */

/* Begin PBXFileReference section */
		07485F8D0FC03FCFF50CC98B /* Info.plist */ = {isa = PBXFileReference; lastKnownFileType = text.plist; path = Info.plist; sourceTree = "<group>"; };
		0F4DADB8A140EE52B475F25A /* QuotaCache.swift */ = {isa = PBXFileReference; lastKnownFileType = sourcecode.swift; path = QuotaCache.swift; sourceTree = "<group>"; };
		10D425A19019701FCE4D50FE /* Assets.xcassets */ = {isa = PBXFileReference; lastKnownFileType = folder.assetcatalog; path = Assets.xcassets; sourceTree = "<group>"; };
		22DC5706B546917B75B76A64 /* UsageWidgetApp.swift */ = {isa = PBXFileReference; lastKnownFileType = sourcecode.swift; path = UsageWidgetApp.swift; sourceTree = "<group>"; };
		4EEC867AC1675DC813E2EAAB /* ImportView.swift */ = {isa = PBXFileReference; lastKnownFileType = sourcecode.swift; path = ImportView.swift; sourceTree = "<group>"; };
		6199F2BA948EA3B188AF1C64 /* QuotaWidget.swift */ = {isa = PBXFileReference; lastKnownFileType = sourcecode.swift; path = QuotaWidget.swift; sourceTree = "<group>"; };
		651DFBD7A7D8F7AD22990531 /* UsageWidgetExtension.entitlements */ = {isa = PBXFileReference; lastKnownFileType = text.plist.entitlements; path = UsageWidgetExtension.entitlements; sourceTree = "<group>"; };
		8F1C5D4C792A919030D8AF67 /* QuotaFormatting.swift */ = {isa = PBXFileReference; lastKnownFileType = sourcecode.swift; path = QuotaFormatting.swift; sourceTree = "<group>"; };
		A5689B4514139E30663205E2 /* UsageWidgetBundle.swift */ = {isa = PBXFileReference; lastKnownFileType = sourcecode.swift; path = UsageWidgetBundle.swift; sourceTree = "<group>"; };
		B3C4D19036B48C737BB73BE4 /* UsageWidgetExtension-iOS.appex */ = {isa = PBXFileReference; includeInIndex = 0; lastKnownFileType = "wrapper.app-extension"; path = "UsageWidgetExtension-iOS.appex"; sourceTree = BUILT_PRODUCTS_DIR; };
		B640D8DC6AB17329FD49BC88 /* UsageWidget.entitlements */ = {isa = PBXFileReference; lastKnownFileType = text.plist.entitlements; path = UsageWidget.entitlements; sourceTree = "<group>"; };
		BB2E0540146B8DD6703D7C48 /* TokenStore.swift */ = {isa = PBXFileReference; lastKnownFileType = sourcecode.swift; path = TokenStore.swift; sourceTree = "<group>"; };
		C7C4102BB9B493ED9C676567 /* QuotaModels.swift */ = {isa = PBXFileReference; lastKnownFileType = sourcecode.swift; path = QuotaModels.swift; sourceTree = "<group>"; };
		CA541A35157B7309AA8A8E1F /* Info.plist */ = {isa = PBXFileReference; lastKnownFileType = text.plist; path = Info.plist; sourceTree = "<group>"; };
		CC229F2ABC714C29BD3FCD99 /* QuotaFetcher.swift */ = {isa = PBXFileReference; lastKnownFileType = sourcecode.swift; path = QuotaFetcher.swift; sourceTree = "<group>"; };
		D9BE702D4614FED0795D1E57 /* UsageWidgetApp-iOS.app */ = {isa = PBXFileReference; includeInIndex = 0; lastKnownFileType = wrapper.application; path = "UsageWidgetApp-iOS.app"; sourceTree = BUILT_PRODUCTS_DIR; };
		FBA56744DA9B4CED78EA939A /* QuotaWidgetView.swift */ = {isa = PBXFileReference; lastKnownFileType = sourcecode.swift; path = QuotaWidgetView.swift; sourceTree = "<group>"; };
/* End PBXFileReference section */

/* Begin PBXGroup section */
		53CCACC72766FB0D1A65E4B4 /* Services */ = {
			isa = PBXGroup;
			children = (
				CC229F2ABC714C29BD3FCD99 /* QuotaFetcher.swift */,
			);
			path = Services;
			sourceTree = "<group>";
		};
		5CA347A6FC65E5922645C838 /* UsageWidgetExtension */ = {
			isa = PBXGroup;
			children = (
				07485F8D0FC03FCFF50CC98B /* Info.plist */,
				6199F2BA948EA3B188AF1C64 /* QuotaWidget.swift */,
				A5689B4514139E30663205E2 /* UsageWidgetBundle.swift */,
				651DFBD7A7D8F7AD22990531 /* UsageWidgetExtension.entitlements */,
			);
			path = UsageWidgetExtension;
			sourceTree = "<group>";
		};
		851E7DB7CAD59F0F24D48465 /* Products */ = {
			isa = PBXGroup;
			children = (
				D9BE702D4614FED0795D1E57 /* UsageWidgetApp-iOS.app */,
				B3C4D19036B48C737BB73BE4 /* UsageWidgetExtension-iOS.appex */,
			);
			name = Products;
			sourceTree = "<group>";
		};
		8588BD3A98352A5DCBE2B8CA /* Formatting */ = {
			isa = PBXGroup;
			children = (
				8F1C5D4C792A919030D8AF67 /* QuotaFormatting.swift */,
			);
			path = Formatting;
			sourceTree = "<group>";
		};
		AAD3C0A100F3DF8E707A0B33 /* UsageShared */ = {
			isa = PBXGroup;
			children = (
				8588BD3A98352A5DCBE2B8CA /* Formatting */,
				D76DB25CF824FBDFAFD7523A /* Models */,
				53CCACC72766FB0D1A65E4B4 /* Services */,
				F135F97EBA81AAE8CEFD9EA7 /* Storage */,
				E0758BCAA5AB3D334B61A05F /* Views */,
			);
			path = UsageShared;
			sourceTree = "<group>";
		};
		C1E7D88F96406CB956355652 /* UsageWidgetApp */ = {
			isa = PBXGroup;
			children = (
				10D425A19019701FCE4D50FE /* Assets.xcassets */,
				4EEC867AC1675DC813E2EAAB /* ImportView.swift */,
				CA541A35157B7309AA8A8E1F /* Info.plist */,
				B640D8DC6AB17329FD49BC88 /* UsageWidget.entitlements */,
				22DC5706B546917B75B76A64 /* UsageWidgetApp.swift */,
			);
			path = UsageWidgetApp;
			sourceTree = "<group>";
		};
		C71E5709642C338F68B53425 = {
			isa = PBXGroup;
			children = (
				AAD3C0A100F3DF8E707A0B33 /* UsageShared */,
				C1E7D88F96406CB956355652 /* UsageWidgetApp */,
				5CA347A6FC65E5922645C838 /* UsageWidgetExtension */,
				851E7DB7CAD59F0F24D48465 /* Products */,
			);
			sourceTree = "<group>";
		};
		D76DB25CF824FBDFAFD7523A /* Models */ = {
			isa = PBXGroup;
			children = (
				C7C4102BB9B493ED9C676567 /* QuotaModels.swift */,
			);
			path = Models;
			sourceTree = "<group>";
		};
		E0758BCAA5AB3D334B61A05F /* Views */ = {
			isa = PBXGroup;
			children = (
				FBA56744DA9B4CED78EA939A /* QuotaWidgetView.swift */,
			);
			path = Views;
			sourceTree = "<group>";
		};
		F135F97EBA81AAE8CEFD9EA7 /* Storage */ = {
			isa = PBXGroup;
			children = (
				0F4DADB8A140EE52B475F25A /* QuotaCache.swift */,
				BB2E0540146B8DD6703D7C48 /* TokenStore.swift */,
			);
			path = Storage;
			sourceTree = "<group>";
		};
/* End PBXGroup section */

/* Begin PBXNativeTarget section */
		5B538234A6E5A25116D08E5F /* UsageWidgetExtension-iOS */ = {
			isa = PBXNativeTarget;
			buildConfigurationList = EAFCF5FBDF0256204C38969B /* Build configuration list for PBXNativeTarget "UsageWidgetExtension-iOS" */;
			buildPhases = (
				CBB30587EF5D7745293D42F3 /* Sources */,
			);
			buildRules = (
			);
			dependencies = (
			);
			name = "UsageWidgetExtension-iOS";
			packageProductDependencies = (
			);
			productName = "UsageWidgetExtension-iOS";
			productReference = B3C4D19036B48C737BB73BE4 /* UsageWidgetExtension-iOS.appex */;
			productType = "com.apple.product-type.app-extension";
		};
		A80C65F38691723802777F59 /* UsageWidgetApp-iOS */ = {
			isa = PBXNativeTarget;
			buildConfigurationList = 0CB3D55EBB17104E14E5EEA3 /* Build configuration list for PBXNativeTarget "UsageWidgetApp-iOS" */;
			buildPhases = (
				9D9F96DC211A6A506017C997 /* Sources */,
				5683060AAE85511709640A80 /* Resources */,
				A6859156F44BDCB6DF157A79 /* Embed Foundation Extensions */,
			);
			buildRules = (
			);
			dependencies = (
				11CF1991211BB2EFD34B6AC3 /* PBXTargetDependency */,
			);
			name = "UsageWidgetApp-iOS";
			packageProductDependencies = (
			);
			productName = "UsageWidgetApp-iOS";
			productReference = D9BE702D4614FED0795D1E57 /* UsageWidgetApp-iOS.app */;
			productType = "com.apple.product-type.application";
		};
/* End PBXNativeTarget section */

/* Begin PBXProject section */
		C6802D8E7B00E3FC5C2ACFF7 /* Project object */ = {
			isa = PBXProject;
			attributes = {
				BuildIndependentTargetsInParallel = YES;
				LastUpgradeCheck = 1430;
				TargetAttributes = {
					5B538234A6E5A25116D08E5F = {
						DevelopmentTeam = "";
						ProvisioningStyle = Automatic;
					};
					A80C65F38691723802777F59 = {
						DevelopmentTeam = "";
						ProvisioningStyle = Automatic;
					};
				};
			};
			buildConfigurationList = E76B97D880E177E7D2036221 /* Build configuration list for PBXProject "UsageWidget" */;
			developmentRegion = en;
			hasScannedForEncodings = 0;
			knownRegions = (
				Base,
				en,
			);
			mainGroup = C71E5709642C338F68B53425;
			minimizedProjectReferenceProxies = 1;
			preferredProjectObjectVersion = 77;
			productRefGroup = 851E7DB7CAD59F0F24D48465 /* Products */;
			projectDirPath = "";
			projectRoot = "";
			targets = (
				A80C65F38691723802777F59 /* UsageWidgetApp-iOS */,
				5B538234A6E5A25116D08E5F /* UsageWidgetExtension-iOS */,
			);
		};
/* End PBXProject section */

/* Begin PBXResourcesBuildPhase section */
		5683060AAE85511709640A80 /* Resources */ = {
			isa = PBXResourcesBuildPhase;
			buildActionMask = 2147483647;
			files = (
				DEBB0F8918E8B2820E3D6429 /* Assets.xcassets in Resources */,
			);
			runOnlyForDeploymentPostprocessing = 0;
		};
/* End PBXResourcesBuildPhase section */

/* Begin PBXSourcesBuildPhase section */
		9D9F96DC211A6A506017C997 /* Sources */ = {
			isa = PBXSourcesBuildPhase;
			buildActionMask = 2147483647;
			files = (
				6FD834C5E3C7F97E9A11A861 /* ImportView.swift in Sources */,
				03E53ACF20115A70C5623907 /* QuotaCache.swift in Sources */,
				CE0261B7F86E3DA3D2E9F344 /* QuotaFetcher.swift in Sources */,
				2B00BEED4F5EDDD348A5588A /* QuotaFormatting.swift in Sources */,
				DCEDC848B592BB26BDEFB2E6 /* QuotaModels.swift in Sources */,
				E0BB527A7053197746B4227D /* QuotaWidgetView.swift in Sources */,
				7B0E159BA8EC06BFE94D6EA0 /* TokenStore.swift in Sources */,
				4E17CB7F230960F1B4941A19 /* UsageWidgetApp.swift in Sources */,
			);
			runOnlyForDeploymentPostprocessing = 0;
		};
		CBB30587EF5D7745293D42F3 /* Sources */ = {
			isa = PBXSourcesBuildPhase;
			buildActionMask = 2147483647;
			files = (
				96CBA85310576B396437BDE4 /* QuotaCache.swift in Sources */,
				ABA2D15C738B6891D8286E08 /* QuotaFetcher.swift in Sources */,
				ECA8837BD17CE983808CF5CA /* QuotaFormatting.swift in Sources */,
				B17E4DED82FDDEE99BBF6617 /* QuotaModels.swift in Sources */,
				868F2E16BAE495A8610E9FB9 /* QuotaWidget.swift in Sources */,
				7C648FD9A14FACA0E94B7CF6 /* QuotaWidgetView.swift in Sources */,
				05E4DCF79D8B0F88D81AB5E8 /* TokenStore.swift in Sources */,
				6634D8C1173E062306DD87DA /* UsageWidgetBundle.swift in Sources */,
			);
			runOnlyForDeploymentPostprocessing = 0;
		};
/* End PBXSourcesBuildPhase section */

/* Begin PBXTargetDependency section */
		11CF1991211BB2EFD34B6AC3 /* PBXTargetDependency */ = {
			isa = PBXTargetDependency;
			target = 5B538234A6E5A25116D08E5F /* UsageWidgetExtension-iOS */;
			targetProxy = D8F65C75C724FDA914BB1DC0 /* PBXContainerItemProxy */;
		};
/* End PBXTargetDependency section */

/* Begin XCBuildConfiguration section */
		6951DE028F6033C38C462921 /* Release */ = {
			isa = XCBuildConfiguration;
			buildSettings = {
				ALWAYS_SEARCH_USER_PATHS = NO;
				CLANG_ANALYZER_NONNULL = YES;
				CLANG_ANALYZER_NUMBER_OBJECT_CONVERSION = YES_AGGRESSIVE;
				CLANG_CXX_LANGUAGE_STANDARD = "gnu++14";
				CLANG_CXX_LIBRARY = "libc++";
				CLANG_ENABLE_MODULES = YES;
				CLANG_ENABLE_OBJC_ARC = YES;
				CLANG_ENABLE_OBJC_WEAK = YES;
				CLANG_WARN_BLOCK_CAPTURE_AUTORELEASING = YES;
				CLANG_WARN_BOOL_CONVERSION = YES;
				CLANG_WARN_COMMA = YES;
				CLANG_WARN_CONSTANT_CONVERSION = YES;
				CLANG_WARN_DEPRECATED_OBJC_IMPLEMENTATIONS = YES;
				CLANG_WARN_DIRECT_OBJC_ISA_USAGE = YES_ERROR;
				CLANG_WARN_DOCUMENTATION_COMMENTS = YES;
				CLANG_WARN_EMPTY_BODY = YES;
				CLANG_WARN_ENUM_CONVERSION = YES;
				CLANG_WARN_INFINITE_RECURSION = YES;
				CLANG_WARN_INT_CONVERSION = YES;
				CLANG_WARN_NON_LITERAL_NULL_CONVERSION = YES;
				CLANG_WARN_OBJC_IMPLICIT_RETAIN_SELF = YES;
				CLANG_WARN_OBJC_LITERAL_CONVERSION = YES;
				CLANG_WARN_OBJC_ROOT_CLASS = YES_ERROR;
				CLANG_WARN_QUOTED_INCLUDE_IN_FRAMEWORK_HEADER = YES;
				CLANG_WARN_RANGE_LOOP_ANALYSIS = YES;
				CLANG_WARN_STRICT_PROTOTYPES = YES;
				CLANG_WARN_SUSPICIOUS_MOVE = YES;
				CLANG_WARN_UNGUARDED_AVAILABILITY = YES_AGGRESSIVE;
				CLANG_WARN_UNREACHABLE_CODE = YES;
				CLANG_WARN__DUPLICATE_METHOD_MATCH = YES;
				CODE_SIGN_STYLE = Automatic;
				COPY_PHASE_STRIP = NO;
				DEBUG_INFORMATION_FORMAT = "dwarf-with-dsym";
				DEVELOPMENT_TEAM = "";
				ENABLE_NS_ASSERTIONS = NO;
				ENABLE_STRICT_OBJC_MSGSEND = YES;
				GCC_C_LANGUAGE_STANDARD = gnu11;
				GCC_NO_COMMON_BLOCKS = YES;
				GCC_WARN_64_TO_32_BIT_CONVERSION = YES;
				GCC_WARN_ABOUT_RETURN_TYPE = YES_ERROR;
				GCC_WARN_UNDECLARED_SELECTOR = YES;
				GCC_WARN_UNINITIALIZED_AUTOS = YES_AGGRESSIVE;
				GCC_WARN_UNUSED_FUNCTION = YES;
				GCC_WARN_UNUSED_VARIABLE = YES;
				IPHONEOS_DEPLOYMENT_TARGET = 26.0;
				MTL_ENABLE_DEBUG_INFO = NO;
				MTL_FAST_MATH = YES;
				PRODUCT_NAME = "$(TARGET_NAME)";
				SDKROOT = iphoneos;
				SWIFT_COMPILATION_MODE = wholemodule;
				SWIFT_OPTIMIZATION_LEVEL = "-O";
				SWIFT_STRICT_CONCURRENCY = complete;
				SWIFT_VERSION = 6.0;
			};
			name = Release;
		};
		7C8F2939CFA1FFBCB1736506 /* Debug */ = {
			isa = XCBuildConfiguration;
			buildSettings = {
				CODE_SIGN_ENTITLEMENTS = UsageWidgetExtension/UsageWidgetExtension.entitlements;
				CURRENT_PROJECT_VERSION = 1;
				INFOPLIST_FILE = UsageWidgetExtension/Info.plist;
				INFOPLIST_KEY_CFBundleDisplayName = "Usage Widget";
				INFOPLIST_KEY_NSExtension_NSExtensionPointIdentifier = "com.apple.widgetkit-extension";
				LD_RUNPATH_SEARCH_PATHS = (
					"$(inherited)",
					"@executable_path/Frameworks",
					"@executable_path/../../Frameworks",
				);
				MARKETING_VERSION = 1.0;
				PRODUCT_BUNDLE_IDENTIFIER = dev.awaishashar.UsageWidget.widget;
				SDKROOT = iphoneos;
				TARGETED_DEVICE_FAMILY = "1,2";
			};
			name = Debug;
		};
		8ABB3FCD933EF8C42DEC0CB3 /* Debug */ = {
			isa = XCBuildConfiguration;
			buildSettings = {
				ASSETCATALOG_COMPILER_APPICON_NAME = AppIcon;
				CODE_SIGN_ENTITLEMENTS = UsageWidgetApp/UsageWidget.entitlements;
				CODE_SIGN_IDENTITY = "iPhone Developer";
				CURRENT_PROJECT_VERSION = 1;
				INFOPLIST_FILE = UsageWidgetApp/Info.plist;
				INFOPLIST_KEY_CFBundleDisplayName = "Usage Widget";
				INFOPLIST_KEY_UILaunchScreen_Generation = YES;
				LD_RUNPATH_SEARCH_PATHS = (
					"$(inherited)",
					"@executable_path/Frameworks",
				);
				MARKETING_VERSION = 1.0;
				PRODUCT_BUNDLE_IDENTIFIER = dev.awaishashar.UsageWidget;
				SDKROOT = iphoneos;
				TARGETED_DEVICE_FAMILY = "1,2";
			};
			name = Debug;
		};
		957AE9248C47A8182C604C5A /* Release */ = {
			isa = XCBuildConfiguration;
			buildSettings = {
				ASSETCATALOG_COMPILER_APPICON_NAME = AppIcon;
				CODE_SIGN_ENTITLEMENTS = UsageWidgetApp/UsageWidget.entitlements;
				CODE_SIGN_IDENTITY = "iPhone Developer";
				CURRENT_PROJECT_VERSION = 1;
				INFOPLIST_FILE = UsageWidgetApp/Info.plist;
				INFOPLIST_KEY_CFBundleDisplayName = "Usage Widget";
				INFOPLIST_KEY_UILaunchScreen_Generation = YES;
				LD_RUNPATH_SEARCH_PATHS = (
					"$(inherited)",
					"@executable_path/Frameworks",
				);
				MARKETING_VERSION = 1.0;
				PRODUCT_BUNDLE_IDENTIFIER = dev.awaishashar.UsageWidget;
				SDKROOT = iphoneos;
				TARGETED_DEVICE_FAMILY = "1,2";
			};
			name = Release;
		};
		B967167FA904ED5E33780E96 /* Debug */ = {
			isa = XCBuildConfiguration;
			buildSettings = {
				ALWAYS_SEARCH_USER_PATHS = NO;
				CLANG_ANALYZER_NONNULL = YES;
				CLANG_ANALYZER_NUMBER_OBJECT_CONVERSION = YES_AGGRESSIVE;
				CLANG_CXX_LANGUAGE_STANDARD = "gnu++14";
				CLANG_CXX_LIBRARY = "libc++";
				CLANG_ENABLE_MODULES = YES;
				CLANG_ENABLE_OBJC_ARC = YES;
				CLANG_ENABLE_OBJC_WEAK = YES;
				CLANG_WARN_BLOCK_CAPTURE_AUTORELEASING = YES;
				CLANG_WARN_BOOL_CONVERSION = YES;
				CLANG_WARN_COMMA = YES;
				CLANG_WARN_CONSTANT_CONVERSION = YES;
				CLANG_WARN_DEPRECATED_OBJC_IMPLEMENTATIONS = YES;
				CLANG_WARN_DIRECT_OBJC_ISA_USAGE = YES_ERROR;
				CLANG_WARN_DOCUMENTATION_COMMENTS = YES;
				CLANG_WARN_EMPTY_BODY = YES;
				CLANG_WARN_ENUM_CONVERSION = YES;
				CLANG_WARN_INFINITE_RECURSION = YES;
				CLANG_WARN_INT_CONVERSION = YES;
				CLANG_WARN_NON_LITERAL_NULL_CONVERSION = YES;
				CLANG_WARN_OBJC_IMPLICIT_RETAIN_SELF = YES;
				CLANG_WARN_OBJC_LITERAL_CONVERSION = YES;
				CLANG_WARN_OBJC_ROOT_CLASS = YES_ERROR;
				CLANG_WARN_QUOTED_INCLUDE_IN_FRAMEWORK_HEADER = YES;
				CLANG_WARN_RANGE_LOOP_ANALYSIS = YES;
				CLANG_WARN_STRICT_PROTOTYPES = YES;
				CLANG_WARN_SUSPICIOUS_MOVE = YES;
				CLANG_WARN_UNGUARDED_AVAILABILITY = YES_AGGRESSIVE;
				CLANG_WARN_UNREACHABLE_CODE = YES;
				CLANG_WARN__DUPLICATE_METHOD_MATCH = YES;
				CODE_SIGN_STYLE = Automatic;
				COPY_PHASE_STRIP = NO;
				DEBUG_INFORMATION_FORMAT = dwarf;
				DEVELOPMENT_TEAM = "";
				ENABLE_STRICT_OBJC_MSGSEND = YES;
				ENABLE_TESTABILITY = YES;
				GCC_C_LANGUAGE_STANDARD = gnu11;
				GCC_DYNAMIC_NO_PIC = NO;
				GCC_NO_COMMON_BLOCKS = YES;
				GCC_OPTIMIZATION_LEVEL = 0;
				GCC_PREPROCESSOR_DEFINITIONS = (
					"$(inherited)",
					"DEBUG=1",
				);
				GCC_WARN_64_TO_32_BIT_CONVERSION = YES;
				GCC_WARN_ABOUT_RETURN_TYPE = YES_ERROR;
				GCC_WARN_UNDECLARED_SELECTOR = YES;
				GCC_WARN_UNINITIALIZED_AUTOS = YES_AGGRESSIVE;
				GCC_WARN_UNUSED_FUNCTION = YES;
				GCC_WARN_UNUSED_VARIABLE = YES;
				IPHONEOS_DEPLOYMENT_TARGET = 26.0;
				MTL_ENABLE_DEBUG_INFO = INCLUDE_SOURCE;
				MTL_FAST_MATH = YES;
				ONLY_ACTIVE_ARCH = YES;
				PRODUCT_NAME = "$(TARGET_NAME)";
				SDKROOT = iphoneos;
				SWIFT_ACTIVE_COMPILATION_CONDITIONS = DEBUG;
				SWIFT_OPTIMIZATION_LEVEL = "-Onone";
				SWIFT_STRICT_CONCURRENCY = complete;
				SWIFT_VERSION = 6.0;
			};
			name = Debug;
		};
		F2E3B43E3F4562D0EE585BAA /* Release */ = {
			isa = XCBuildConfiguration;
			buildSettings = {
				CODE_SIGN_ENTITLEMENTS = UsageWidgetExtension/UsageWidgetExtension.entitlements;
				CURRENT_PROJECT_VERSION = 1;
				INFOPLIST_FILE = UsageWidgetExtension/Info.plist;
				INFOPLIST_KEY_CFBundleDisplayName = "Usage Widget";
				INFOPLIST_KEY_NSExtension_NSExtensionPointIdentifier = "com.apple.widgetkit-extension";
				LD_RUNPATH_SEARCH_PATHS = (
					"$(inherited)",
					"@executable_path/Frameworks",
					"@executable_path/../../Frameworks",
				);
				MARKETING_VERSION = 1.0;
				PRODUCT_BUNDLE_IDENTIFIER = dev.awaishashar.UsageWidget.widget;
				SDKROOT = iphoneos;
				TARGETED_DEVICE_FAMILY = "1,2";
			};
			name = Release;
		};
/* End XCBuildConfiguration section */

/* Begin XCConfigurationList section */
		0CB3D55EBB17104E14E5EEA3 /* Build configuration list for PBXNativeTarget "UsageWidgetApp-iOS" */ = {
			isa = XCConfigurationList;
			buildConfigurations = (
				8ABB3FCD933EF8C42DEC0CB3 /* Debug */,
				957AE9248C47A8182C604C5A /* Release */,
			);
			defaultConfigurationIsVisible = 0;
			defaultConfigurationName = Debug;
		};
		E76B97D880E177E7D2036221 /* Build configuration list for PBXProject "UsageWidget" */ = {
			isa = XCConfigurationList;
			buildConfigurations = (
				B967167FA904ED5E33780E96 /* Debug */,
				6951DE028F6033C38C462921 /* Release */,
			);
			defaultConfigurationIsVisible = 0;
			defaultConfigurationName = Debug;
		};
		EAFCF5FBDF0256204C38969B /* Build configuration list for PBXNativeTarget "UsageWidgetExtension-iOS" */ = {
			isa = XCConfigurationList;
			buildConfigurations = (
				7C8F2939CFA1FFBCB1736506 /* Debug */,
				F2E3B43E3F4562D0EE585BAA /* Release */,
			);
			defaultConfigurationIsVisible = 0;
			defaultConfigurationName = Debug;
		};
/* End XCConfigurationList section */
	};
	rootObject = C6802D8E7B00E3FC5C2ACFF7 /* Project object */;
}
